// !$*UTF8*$!
{
	archiveVersion = 1;
	classes = {
	};
	objectVersion = 56;
	objects = {

/* Begin PBXBuildFile section */
		093AC9372C4C56210028CFBC /* actions.swift in Sources */ = {isa = PBXBuildFile; fileRef = 093AC9362C4C56210028CFBC /* actions.swift */; };
		094E723C2C4B0F160090712C /* ClientView.swift in Sources */ = {isa = PBXBuildFile; fileRef = 094E723B2C4B0F160090712C /* ClientView.swift */; };
		094E723E2C4B22190090712C /* fragments.swift in Sources */ = {isa = PBXBuildFile; fileRef = 094E723D2C4B22190090712C /* fragments.swift */; };
		094E72402C4B284E0090712C /* AnsiColors.swift in Sources */ = {isa = PBXBuildFile; fileRef = 094E723F2C4B284E0090712C /* AnsiColors.swift */; };
		09B28F8A2C487503009A95E5 /* SmushClientApp.swift in Sources */ = {isa = PBXBuildFile; fileRef = 09B28F892C487503009A95E5 /* SmushClientApp.swift */; };
		09B28F8C2C487503009A95E5 /* ContentView.swift in Sources */ = {isa = PBXBuildFile; fileRef = 09B28F8B2C487503009A95E5 /* ContentView.swift */; };
		09B28F8E2C487504009A95E5 /* Assets.xcassets in Resources */ = {isa = PBXBuildFile; fileRef = 09B28F8D2C487504009A95E5 /* Assets.xcassets */; };
		09B28F912C487504009A95E5 /* Preview Assets.xcassets in Resources */ = {isa = PBXBuildFile; fileRef = 09B28F902C487504009A95E5 /* Preview Assets.xcassets */; };
		09B28F9C2C487504009A95E5 /* SmushClientTests.swift in Sources */ = {isa = PBXBuildFile; fileRef = 09B28F9B2C487504009A95E5 /* SmushClientTests.swift */; };
		09B28FA62C487504009A95E5 /* SmushClientUITests.swift in Sources */ = {isa = PBXBuildFile; fileRef = 09B28FA52C487504009A95E5 /* SmushClientUITests.swift */; };
		09B28FA82C487504009A95E5 /* SmushClientUITestsLaunchTests.swift in Sources */ = {isa = PBXBuildFile; fileRef = 09B28FA72C487504009A95E5 /* SmushClientUITestsLaunchTests.swift */; };
		09B352FA2C4AEEA7005C71C7 /* libsmushclient_swift.a in Frameworks */ = {isa = PBXBuildFile; fileRef = 09B352F92C4AEE2F005C71C7 /* libsmushclient_swift.a */; };
		09B353012C4AFE02005C71C7 /* SwiftBridgeCore.swift in Sources */ = {isa = PBXBuildFile; fileRef = 09B352FF2C4AEFF0005C71C7 /* SwiftBridgeCore.swift */; };
		09B353022C4AFE06005C71C7 /* smushclient-swift.swift in Sources */ = {isa = PBXBuildFile; fileRef = 09B352FC2C4AEFF0005C71C7 /* smushclient-swift.swift */; };
		09FD867A2C4B854E0091FE37 /* MudLine.swift in Sources */ = {isa = PBXBuildFile; fileRef = 09FD86792C4B854E0091FE37 /* MudLine.swift */; };
/* End PBXBuildFile section */

/* Begin PBXContainerItemProxy section */
		09B28F982C487504009A95E5 /* PBXContainerItemProxy */ = {
			isa = PBXContainerItemProxy;
			containerPortal = 09B28F7E2C487503009A95E5 /* Project object */;
			proxyType = 1;
			remoteGlobalIDString = 09B28F852C487503009A95E5;
			remoteInfo = SmushClient;
		};
		09B28FA22C487504009A95E5 /* PBXContainerItemProxy */ = {
			isa = PBXContainerItemProxy;
			containerPortal = 09B28F7E2C487503009A95E5 /* Project object */;
			proxyType = 1;
			remoteGlobalIDString = 09B28F852C487503009A95E5;
			remoteInfo = SmushClient;
		};
/* End PBXContainerItemProxy section */

/* Begin PBXFileReference section */
		093AC9362C4C56210028CFBC /* actions.swift */ = {isa = PBXFileReference; lastKnownFileType = sourcecode.swift; path = actions.swift; sourceTree = "<group>"; };
		094E723B2C4B0F160090712C /* ClientView.swift */ = {isa = PBXFileReference; lastKnownFileType = sourcecode.swift; path = ClientView.swift; sourceTree = "<group>"; };
		094E723D2C4B22190090712C /* fragments.swift */ = {isa = PBXFileReference; lastKnownFileType = sourcecode.swift; path = fragments.swift; sourceTree = "<group>"; };
		094E723F2C4B284E0090712C /* AnsiColors.swift */ = {isa = PBXFileReference; lastKnownFileType = sourcecode.swift; path = AnsiColors.swift; sourceTree = "<group>"; };
		094E72412C4B4AB50090712C /* Info.plist */ = {isa = PBXFileReference; lastKnownFileType = text.plist; path = Info.plist; sourceTree = "<group>"; };
		09B28F862C487503009A95E5 /* SmushClient.app */ = {isa = PBXFileReference; explicitFileType = wrapper.application; includeInIndex = 0; path = SmushClient.app; sourceTree = BUILT_PRODUCTS_DIR; };
		09B28F892C487503009A95E5 /* SmushClientApp.swift */ = {isa = PBXFileReference; lastKnownFileType = sourcecode.swift; path = SmushClientApp.swift; sourceTree = "<group>"; };
		09B28F8B2C487503009A95E5 /* ContentView.swift */ = {isa = PBXFileReference; lastKnownFileType = sourcecode.swift; path = ContentView.swift; sourceTree = "<group>"; };
		09B28F8D2C487504009A95E5 /* Assets.xcassets */ = {isa = PBXFileReference; lastKnownFileType = folder.assetcatalog; path = Assets.xcassets; sourceTree = "<group>"; };
		09B28F902C487504009A95E5 /* Preview Assets.xcassets */ = {isa = PBXFileReference; lastKnownFileType = folder.assetcatalog; path = "Preview Assets.xcassets"; sourceTree = "<group>"; };
		09B28F922C487504009A95E5 /* SmushClient.entitlements */ = {isa = PBXFileReference; lastKnownFileType = text.plist.entitlements; path = SmushClient.entitlements; sourceTree = "<group>"; };
		09B28F972C487504009A95E5 /* SmushClientTests.xctest */ = {isa = PBXFileReference; explicitFileType = wrapper.cfbundle; includeInIndex = 0; path = SmushClientTests.xctest; sourceTree = BUILT_PRODUCTS_DIR; };
		09B28F9B2C487504009A95E5 /* SmushClientTests.swift */ = {isa = PBXFileReference; lastKnownFileType = sourcecode.swift; path = SmushClientTests.swift; sourceTree = "<group>"; };
		09B28FA12C487504009A95E5 /* SmushClientUITests.xctest */ = {isa = PBXFileReference; explicitFileType = wrapper.cfbundle; includeInIndex = 0; path = SmushClientUITests.xctest; sourceTree = BUILT_PRODUCTS_DIR; };
		09B28FA52C487504009A95E5 /* SmushClientUITests.swift */ = {isa = PBXFileReference; lastKnownFileType = sourcecode.swift; path = SmushClientUITests.swift; sourceTree = "<group>"; };
		09B28FA72C487504009A95E5 /* SmushClientUITestsLaunchTests.swift */ = {isa = PBXFileReference; lastKnownFileType = sourcecode.swift; path = SmushClientUITestsLaunchTests.swift; sourceTree = "<group>"; };
		09B352F72C4AED59005C71C7 /* BridgingHeader.h */ = {isa = PBXFileReference; lastKnownFileType = sourcecode.c.h; path = BridgingHeader.h; sourceTree = "<group>"; };
		09B352F92C4AEE2F005C71C7 /* libsmushclient_swift.a */ = {isa = PBXFileReference; lastKnownFileType = archive.ar; name = libsmushclient_swift.a; path = ../../target/debug/libsmushclient_swift.a; sourceTree = "<group>"; };
		09B352FB2C4AEFF0005C71C7 /* smushclient-swift.h */ = {isa = PBXFileReference; lastKnownFileType = sourcecode.c.h; path = "smushclient-swift.h"; sourceTree = "<group>"; };
		09B352FC2C4AEFF0005C71C7 /* smushclient-swift.swift */ = {isa = PBXFileReference; lastKnownFileType = sourcecode.swift; path = "smushclient-swift.swift"; sourceTree = "<group>"; };
		09B352FE2C4AEFF0005C71C7 /* SwiftBridgeCore.h */ = {isa = PBXFileReference; lastKnownFileType = sourcecode.c.h; path = SwiftBridgeCore.h; sourceTree = "<group>"; };
		09B352FF2C4AEFF0005C71C7 /* SwiftBridgeCore.swift */ = {isa = PBXFileReference; lastKnownFileType = sourcecode.swift; path = SwiftBridgeCore.swift; sourceTree = "<group>"; };
		09FD86792C4B854E0091FE37 /* MudLine.swift */ = {isa = PBXFileReference; lastKnownFileType = sourcecode.swift; path = MudLine.swift; sourceTree = "<group>"; };
/* End PBXFileReference section */

/* Begin PBXFrameworksBuildPhase section */
		09B28F832C487503009A95E5 /* Frameworks */ = {
			isa = PBXFrameworksBuildPhase;
			buildActionMask = 2147483647;
			files = (
				09B352FA2C4AEEA7005C71C7 /* libsmushclient_swift.a in Frameworks */,
			);
			runOnlyForDeploymentPostprocessing = 0;
		};
		09B28F942C487504009A95E5 /* Frameworks */ = {
			isa = PBXFrameworksBuildPhase;
			buildActionMask = 2147483647;
			files = (
			);
			runOnlyForDeploymentPostprocessing = 0;
		};
		09B28F9E2C487504009A95E5 /* Frameworks */ = {
			isa = PBXFrameworksBuildPhase;
			buildActionMask = 2147483647;
			files = (
			);
			runOnlyForDeploymentPostprocessing = 0;
		};
/* End PBXFrameworksBuildPhase section */

/* Begin PBXGroup section */
		09B28F7D2C487503009A95E5 = {
			isa = PBXGroup;
			children = (
				09B353002C4AEFF0005C71C7 /* Generated */,
				09B352F72C4AED59005C71C7 /* BridgingHeader.h */,
				09B28F882C487503009A95E5 /* SmushClient */,
				09B28F9A2C487504009A95E5 /* SmushClientTests */,
				09B28FA42C487504009A95E5 /* SmushClientUITests */,
				09B28F872C487503009A95E5 /* Products */,
				09B352F82C4AEE2F005C71C7 /* Frameworks */,
			);
			sourceTree = "<group>";
		};
		09B28F872C487503009A95E5 /* Products */ = {
			isa = PBXGroup;
			children = (
				09B28F862C487503009A95E5 /* SmushClient.app */,
				09B28F972C487504009A95E5 /* SmushClientTests.xctest */,
				09B28FA12C487504009A95E5 /* SmushClientUITests.xctest */,
			);
			name = Products;
			sourceTree = "<group>";
		};
		09B28F882C487503009A95E5 /* SmushClient */ = {
			isa = PBXGroup;
			children = (
				09FD86782C4B71140091FE37 /* mud */,
				094E72412C4B4AB50090712C /* Info.plist */,
				09B28F892C487503009A95E5 /* SmushClientApp.swift */,
				09B28F8B2C487503009A95E5 /* ContentView.swift */,
				094E723B2C4B0F160090712C /* ClientView.swift */,
				09B28F8D2C487504009A95E5 /* Assets.xcassets */,
				09B28F922C487504009A95E5 /* SmushClient.entitlements */,
				09B28F8F2C487504009A95E5 /* Preview Content */,
			);
			path = SmushClient;
			sourceTree = "<group>";
		};
		09B28F8F2C487504009A95E5 /* Preview Content */ = {
			isa = PBXGroup;
			children = (
				09B28F902C487504009A95E5 /* Preview Assets.xcassets */,
			);
			path = "Preview Content";
			sourceTree = "<group>";
		};
		09B28F9A2C487504009A95E5 /* SmushClientTests */ = {
			isa = PBXGroup;
			children = (
				09B28F9B2C487504009A95E5 /* SmushClientTests.swift */,
			);
			path = SmushClientTests;
			sourceTree = "<group>";
		};
		09B28FA42C487504009A95E5 /* SmushClientUITests */ = {
			isa = PBXGroup;
			children = (
				09B28FA52C487504009A95E5 /* SmushClientUITests.swift */,
				09B28FA72C487504009A95E5 /* SmushClientUITestsLaunchTests.swift */,
			);
			path = SmushClientUITests;
			sourceTree = "<group>";
		};
		09B352F82C4AEE2F005C71C7 /* Frameworks */ = {
			isa = PBXGroup;
			children = (
				09B352F92C4AEE2F005C71C7 /* libsmushclient_swift.a */,
			);
			name = Frameworks;
			sourceTree = "<group>";
		};
		09B352FD2C4AEFF0005C71C7 /* smushclient-swift */ = {
			isa = PBXGroup;
			children = (
				09B352FB2C4AEFF0005C71C7 /* smushclient-swift.h */,
				09B352FC2C4AEFF0005C71C7 /* smushclient-swift.swift */,
			);
			path = "smushclient-swift";
			sourceTree = "<group>";
		};
		09B353002C4AEFF0005C71C7 /* Generated */ = {
			isa = PBXGroup;
			children = (
				09B352FD2C4AEFF0005C71C7 /* smushclient-swift */,
				09B352FE2C4AEFF0005C71C7 /* SwiftBridgeCore.h */,
				09B352FF2C4AEFF0005C71C7 /* SwiftBridgeCore.swift */,
			);
			path = Generated;
			sourceTree = "<group>";
		};
		09FD86782C4B71140091FE37 /* mud */ = {
			isa = PBXGroup;
			children = (
				094E723F2C4B284E0090712C /* AnsiColors.swift */,
				094E723D2C4B22190090712C /* fragments.swift */,
				093AC9362C4C56210028CFBC /* actions.swift */,
				09FD86792C4B854E0091FE37 /* MudLine.swift */,
			);
			path = mud;
			sourceTree = "<group>";
		};
/* End PBXGroup section */

/* Begin PBXNativeTarget section */
		09B28F852C487503009A95E5 /* SmushClient */ = {
			isa = PBXNativeTarget;
			buildConfigurationList = 09B28FAB2C487504009A95E5 /* Build configuration list for PBXNativeTarget "SmushClient" */;
			buildPhases = (
				09B352F62C4AECB1005C71C7 /* ShellScript */,
				09B28F822C487503009A95E5 /* Sources */,
				09B28F832C487503009A95E5 /* Frameworks */,
				09B28F842C487503009A95E5 /* Resources */,
			);
			buildRules = (
			);
			dependencies = (
			);
			name = SmushClient;
			productName = SmushClient;
			productReference = 09B28F862C487503009A95E5 /* SmushClient.app */;
			productType = "com.apple.product-type.application";
		};
		09B28F962C487504009A95E5 /* SmushClientTests */ = {
			isa = PBXNativeTarget;
			buildConfigurationList = 09B28FAE2C487504009A95E5 /* Build configuration list for PBXNativeTarget "SmushClientTests" */;
			buildPhases = (
				09B28F932C487504009A95E5 /* Sources */,
				09B28F942C487504009A95E5 /* Frameworks */,
				09B28F952C487504009A95E5 /* Resources */,
			);
			buildRules = (
			);
			dependencies = (
				09B28F992C487504009A95E5 /* PBXTargetDependency */,
			);
			name = SmushClientTests;
			productName = SmushClientTests;
			productReference = 09B28F972C487504009A95E5 /* SmushClientTests.xctest */;
			productType = "com.apple.product-type.bundle.unit-test";
		};
		09B28FA02C487504009A95E5 /* SmushClientUITests */ = {
			isa = PBXNativeTarget;
			buildConfigurationList = 09B28FB12C487504009A95E5 /* Build configuration list for PBXNativeTarget "SmushClientUITests" */;
			buildPhases = (
				09B28F9D2C487504009A95E5 /* Sources */,
				09B28F9E2C487504009A95E5 /* Frameworks */,
				09B28F9F2C487504009A95E5 /* Resources */,
			);
			buildRules = (
			);
			dependencies = (
				09B28FA32C487504009A95E5 /* PBXTargetDependency */,
			);
			name = SmushClientUITests;
			productName = SmushClientUITests;
			productReference = 09B28FA12C487504009A95E5 /* SmushClientUITests.xctest */;
			productType = "com.apple.product-type.bundle.ui-testing";
		};
/* End PBXNativeTarget section */

/* Begin PBXProject section */
		09B28F7E2C487503009A95E5 /* Project object */ = {
			isa = PBXProject;
			attributes = {
				BuildIndependentTargetsInParallel = 1;
				LastSwiftUpdateCheck = 1540;
				LastUpgradeCheck = 1540;
				TargetAttributes = {
					09B28F852C487503009A95E5 = {
						CreatedOnToolsVersion = 15.4;
					};
					09B28F962C487504009A95E5 = {
						CreatedOnToolsVersion = 15.4;
						TestTargetID = 09B28F852C487503009A95E5;
					};
					09B28FA02C487504009A95E5 = {
						CreatedOnToolsVersion = 15.4;
						TestTargetID = 09B28F852C487503009A95E5;
					};
				};
			};
			buildConfigurationList = 09B28F812C487503009A95E5 /* Build configuration list for PBXProject "SmushClient" */;
			compatibilityVersion = "Xcode 14.0";
			developmentRegion = en;
			hasScannedForEncodings = 0;
			knownRegions = (
				en,
				Base,
			);
			mainGroup = 09B28F7D2C487503009A95E5;
			productRefGroup = 09B28F872C487503009A95E5 /* Products */;
			projectDirPath = "";
			projectRoot = "";
			targets = (
				09B28F852C487503009A95E5 /* SmushClient */,
				09B28F962C487504009A95E5 /* SmushClientTests */,
				09B28FA02C487504009A95E5 /* SmushClientUITests */,
			);
		};
/* End PBXProject section */

/* Begin PBXResourcesBuildPhase section */
		09B28F842C487503009A95E5 /* Resources */ = {
			isa = PBXResourcesBuildPhase;
			buildActionMask = 2147483647;
			files = (
				09B28F912C487504009A95E5 /* Preview Assets.xcassets in Resources */,
				09B28F8E2C487504009A95E5 /* Assets.xcassets in Resources */,
			);
			runOnlyForDeploymentPostprocessing = 0;
		};
		09B28F952C487504009A95E5 /* Resources */ = {
			isa = PBXResourcesBuildPhase;
			buildActionMask = 2147483647;
			files = (
			);
			runOnlyForDeploymentPostprocessing = 0;
		};
		09B28F9F2C487504009A95E5 /* Resources */ = {
			isa = PBXResourcesBuildPhase;
			buildActionMask = 2147483647;
			files = (
			);
			runOnlyForDeploymentPostprocessing = 0;
		};
/* End PBXResourcesBuildPhase section */

/* Begin PBXShellScriptBuildPhase section */
		09B352F62C4AECB1005C71C7 /* ShellScript */ = {
			isa = PBXShellScriptBuildPhase;
			buildActionMask = 2147483647;
			files = (
			);
			inputFileListPaths = (
			);
			inputPaths = (
			);
			outputFileListPaths = (
			);
			outputPaths = (
				"$(PROJECT_DIR)/Generated/smushclient-swift/smushclient-swift.swift",
				"$(PROJECT_DIR)/Generated/smushclient-swift/SwiftBridgeCore.swift",
			);
			runOnlyForDeploymentPostprocessing = 0;
			shellPath = /bin/bash;
			shellScript = "./xcode-build-rust.sh\n";
		};
/* End PBXShellScriptBuildPhase section */

/* Begin PBXSourcesBuildPhase section */
		09B28F822C487503009A95E5 /* Sources */ = {
			isa = PBXSourcesBuildPhase;
			buildActionMask = 2147483647;
			files = (
				09B353022C4AFE06005C71C7 /* smushclient-swift.swift in Sources */,
				093AC9372C4C56210028CFBC /* actions.swift in Sources */,
				094E723C2C4B0F160090712C /* ClientView.swift in Sources */,
				09B353012C4AFE02005C71C7 /* SwiftBridgeCore.swift in Sources */,
				09B28F8C2C487503009A95E5 /* ContentView.swift in Sources */,
				094E72402C4B284E0090712C /* AnsiColors.swift in Sources */,
				09FD867A2C4B854E0091FE37 /* MudLine.swift in Sources */,
				09B28F8A2C487503009A95E5 /* SmushClientApp.swift in Sources */,
				094E723E2C4B22190090712C /* fragments.swift in Sources */,
			);
			runOnlyForDeploymentPostprocessing = 0;
		};
		09B28F932C487504009A95E5 /* Sources */ = {
			isa = PBXSourcesBuildPhase;
			buildActionMask = 2147483647;
			files = (
				09B28F9C2C487504009A95E5 /* SmushClientTests.swift in Sources */,
			);
			runOnlyForDeploymentPostprocessing = 0;
		};
		09B28F9D2C487504009A95E5 /* Sources */ = {
			isa = PBXSourcesBuildPhase;
			buildActionMask = 2147483647;
			files = (
				09B28FA82C487504009A95E5 /* SmushClientUITestsLaunchTests.swift in Sources */,
				09B28FA62C487504009A95E5 /* SmushClientUITests.swift in Sources */,
			);
			runOnlyForDeploymentPostprocessing = 0;
		};
/* End PBXSourcesBuildPhase section */

/* Begin PBXTargetDependency section */
		09B28F992C487504009A95E5 /* PBXTargetDependency */ = {
			isa = PBXTargetDependency;
			target = 09B28F852C487503009A95E5 /* SmushClient */;
			targetProxy = 09B28F982C487504009A95E5 /* PBXContainerItemProxy */;
		};
		09B28FA32C487504009A95E5 /* PBXTargetDependency */ = {
			isa = PBXTargetDependency;
			target = 09B28F852C487503009A95E5 /* SmushClient */;
			targetProxy = 09B28FA22C487504009A95E5 /* PBXContainerItemProxy */;
		};
/* End PBXTargetDependency section */

/* Begin XCBuildConfiguration section */
		09B28FA92C487504009A95E5 /* Debug */ = {
			isa = XCBuildConfiguration;
			buildSettings = {
				ALWAYS_SEARCH_USER_PATHS = NO;
				ASSETCATALOG_COMPILER_GENERATE_SWIFT_ASSET_SYMBOL_EXTENSIONS = YES;
				CLANG_ANALYZER_NONNULL = YES;
				CLANG_ANALYZER_NUMBER_OBJECT_CONVERSION = YES_AGGRESSIVE;
				CLANG_CXX_LANGUAGE_STANDARD = "gnu++20";
				CLANG_ENABLE_MODULES = YES;
				CLANG_ENABLE_OBJC_ARC = YES;
				CLANG_ENABLE_OBJC_WEAK = YES;
				CLANG_WARN_BLOCK_CAPTURE_AUTORELEASING = YES;
				CLANG_WARN_BOOL_CONVERSION = YES;
				CLANG_WARN_COMMA = YES;
				CLANG_WARN_CONSTANT_CONVERSION = YES;
				CLANG_WARN_DEPRECATED_OBJC_IMPLEMENTATIONS = YES;
				CLANG_WARN_DIRECT_OBJC_ISA_USAGE = YES_ERROR;
				CLANG_WARN_DOCUMENTATION_COMMENTS = YES;
				CLANG_WARN_EMPTY_BODY = YES;
				CLANG_WARN_ENUM_CONVERSION = YES;
				CLANG_WARN_INFINITE_RECURSION = YES;
				CLANG_WARN_INT_CONVERSION = YES;
				CLANG_WARN_NON_LITERAL_NULL_CONVERSION = YES;
				CLANG_WARN_OBJC_IMPLICIT_RETAIN_SELF = YES;
				CLANG_WARN_OBJC_LITERAL_CONVERSION = YES;
				CLANG_WARN_OBJC_ROOT_CLASS = YES_ERROR;
				CLANG_WARN_QUOTED_INCLUDE_IN_FRAMEWORK_HEADER = YES;
				CLANG_WARN_RANGE_LOOP_ANALYSIS = YES;
				CLANG_WARN_STRICT_PROTOTYPES = YES;
				CLANG_WARN_SUSPICIOUS_MOVE = YES;
				CLANG_WARN_UNGUARDED_AVAILABILITY = YES_AGGRESSIVE;
				CLANG_WARN_UNREACHABLE_CODE = YES;
				CLANG_WARN__DUPLICATE_METHOD_MATCH = YES;
				COPY_PHASE_STRIP = NO;
				DEBUG_INFORMATION_FORMAT = dwarf;
				ENABLE_STRICT_OBJC_MSGSEND = YES;
				ENABLE_TESTABILITY = YES;
				ENABLE_USER_SCRIPT_SANDBOXING = YES;
				GCC_C_LANGUAGE_STANDARD = gnu17;
				GCC_DYNAMIC_NO_PIC = NO;
				GCC_NO_COMMON_BLOCKS = YES;
				GCC_OPTIMIZATION_LEVEL = 0;
				GCC_PREPROCESSOR_DEFINITIONS = (
					"DEBUG=1",
					"$(inherited)",
				);
				GCC_WARN_64_TO_32_BIT_CONVERSION = YES;
				GCC_WARN_ABOUT_RETURN_TYPE = YES_ERROR;
				GCC_WARN_UNDECLARED_SELECTOR = YES;
				GCC_WARN_UNINITIALIZED_AUTOS = YES_AGGRESSIVE;
				GCC_WARN_UNUSED_FUNCTION = YES;
				GCC_WARN_UNUSED_VARIABLE = YES;
				LOCALIZATION_PREFERS_STRING_CATALOGS = YES;
				MACOSX_DEPLOYMENT_TARGET = 14.5;
				MTL_ENABLE_DEBUG_INFO = INCLUDE_SOURCE;
				MTL_FAST_MATH = YES;
				ONLY_ACTIVE_ARCH = YES;
				SDKROOT = macosx;
				SWIFT_ACTIVE_COMPILATION_CONDITIONS = "DEBUG $(inherited)";
				SWIFT_OPTIMIZATION_LEVEL = "-Onone";
			};
			name = Debug;
		};
		09B28FAA2C487504009A95E5 /* Release */ = {
			isa = XCBuildConfiguration;
			buildSettings = {
				ALWAYS_SEARCH_USER_PATHS = NO;
				ASSETCATALOG_COMPILER_GENERATE_SWIFT_ASSET_SYMBOL_EXTENSIONS = YES;
				CLANG_ANALYZER_NONNULL = YES;
				CLANG_ANALYZER_NUMBER_OBJECT_CONVERSION = YES_AGGRESSIVE;
				CLANG_CXX_LANGUAGE_STANDARD = "gnu++20";
				CLANG_ENABLE_MODULES = YES;
				CLANG_ENABLE_OBJC_ARC = YES;
				CLANG_ENABLE_OBJC_WEAK = YES;
				CLANG_WARN_BLOCK_CAPTURE_AUTORELEASING = YES;
				CLANG_WARN_BOOL_CONVERSION = YES;
				CLANG_WARN_COMMA = YES;
				CLANG_WARN_CONSTANT_CONVERSION = YES;
				CLANG_WARN_DEPRECATED_OBJC_IMPLEMENTATIONS = YES;
				CLANG_WARN_DIRECT_OBJC_ISA_USAGE = YES_ERROR;
				CLANG_WARN_DOCUMENTATION_COMMENTS = YES;
				CLANG_WARN_EMPTY_BODY = YES;
				CLANG_WARN_ENUM_CONVERSION = YES;
				CLANG_WARN_INFINITE_RECURSION = YES;
				CLANG_WARN_INT_CONVERSION = YES;
				CLANG_WARN_NON_LITERAL_NULL_CONVERSION = YES;
				CLANG_WARN_OBJC_IMPLICIT_RETAIN_SELF = YES;
				CLANG_WARN_OBJC_LITERAL_CONVERSION = YES;
				CLANG_WARN_OBJC_ROOT_CLASS = YES_ERROR;
				CLANG_WARN_QUOTED_INCLUDE_IN_FRAMEWORK_HEADER = YES;
				CLANG_WARN_RANGE_LOOP_ANALYSIS = YES;
				CLANG_WARN_STRICT_PROTOTYPES = YES;
				CLANG_WARN_SUSPICIOUS_MOVE = YES;
				CLANG_WARN_UNGUARDED_AVAILABILITY = YES_AGGRESSIVE;
				CLANG_WARN_UNREACHABLE_CODE = YES;
				CLANG_WARN__DUPLICATE_METHOD_MATCH = YES;
				COPY_PHASE_STRIP = NO;
				DEBUG_INFORMATION_FORMAT = "dwarf-with-dsym";
				ENABLE_NS_ASSERTIONS = NO;
				ENABLE_STRICT_OBJC_MSGSEND = YES;
				ENABLE_USER_SCRIPT_SANDBOXING = YES;
				GCC_C_LANGUAGE_STANDARD = gnu17;
				GCC_NO_COMMON_BLOCKS = YES;
				GCC_WARN_64_TO_32_BIT_CONVERSION = YES;
				GCC_WARN_ABOUT_RETURN_TYPE = YES_ERROR;
				GCC_WARN_UNDECLARED_SELECTOR = YES;
				GCC_WARN_UNINITIALIZED_AUTOS = YES_AGGRESSIVE;
				GCC_WARN_UNUSED_FUNCTION = YES;
				GCC_WARN_UNUSED_VARIABLE = YES;
				LOCALIZATION_PREFERS_STRING_CATALOGS = YES;
				MACOSX_DEPLOYMENT_TARGET = 14.5;
				MTL_ENABLE_DEBUG_INFO = NO;
				MTL_FAST_MATH = YES;
				SDKROOT = macosx;
				SWIFT_COMPILATION_MODE = wholemodule;
			};
			name = Release;
		};
		09B28FAC2C487504009A95E5 /* Debug */ = {
			isa = XCBuildConfiguration;
			buildSettings = {
				ASSETCATALOG_COMPILER_APPICON_NAME = AppIcon;
				ASSETCATALOG_COMPILER_GLOBAL_ACCENT_COLOR_NAME = AccentColor;
				CODE_SIGN_ENTITLEMENTS = SmushClient/SmushClient.entitlements;
				CODE_SIGN_STYLE = Automatic;
				COMBINE_HIDPI_IMAGES = YES;
				CURRENT_PROJECT_VERSION = 1;
				DEVELOPMENT_ASSET_PATHS = "\"SmushClient/Preview Content\"";
				DEVELOPMENT_TEAM = 274U4G4QQG;
				ENABLE_HARDENED_RUNTIME = NO;
				ENABLE_PREVIEWS = YES;
				ENABLE_USER_SCRIPT_SANDBOXING = NO;
				GENERATE_INFOPLIST_FILE = YES;
				INFOPLIST_FILE = SmushClient/Info.plist;
				INFOPLIST_KEY_NSHumanReadableCopyright = "";
				LD_RUNPATH_SEARCH_PATHS = (
					"$(inherited)",
					"@executable_path/../Frameworks",
				);
				LIBRARY_SEARCH_PATHS = "$(PROJECT_DIR)/../../target/debug";
				MARKETING_VERSION = 1.0;
				PRODUCT_BUNDLE_IDENTIFIER = com.jnbooth.SmushClient;
				PRODUCT_NAME = "$(TARGET_NAME)";
				SWIFT_EMIT_LOC_STRINGS = YES;
				SWIFT_OBJC_BRIDGING_HEADER = "$(PROJECT_DIR)/BridgingHeader.h";
				SWIFT_VERSION = 5.0;
			};
			name = Debug;
		};
		09B28FAD2C487504009A95E5 /* Release */ = {
			isa = XCBuildConfiguration;
			buildSettings = {
				ASSETCATALOG_COMPILER_APPICON_NAME = AppIcon;
				ASSETCATALOG_COMPILER_GLOBAL_ACCENT_COLOR_NAME = AccentColor;
				CODE_SIGN_ENTITLEMENTS = SmushClient/SmushClient.entitlements;
				CODE_SIGN_STYLE = Automatic;
				COMBINE_HIDPI_IMAGES = YES;
				CURRENT_PROJECT_VERSION = 1;
				DEVELOPMENT_ASSET_PATHS = "\"SmushClient/Preview Content\"";
				DEVELOPMENT_TEAM = 274U4G4QQG;
				ENABLE_HARDENED_RUNTIME = NO;
				ENABLE_PREVIEWS = YES;
				ENABLE_USER_SCRIPT_SANDBOXING = NO;
				GENERATE_INFOPLIST_FILE = YES;
				INFOPLIST_FILE = SmushClient/Info.plist;
				INFOPLIST_KEY_NSHumanReadableCopyright = "";
				LD_RUNPATH_SEARCH_PATHS = (
					"$(inherited)",
					"@executable_path/../Frameworks",
				);
				LIBRARY_SEARCH_PATHS = "$(PROJECT_DIR)/../../target/release";
				MARKETING_VERSION = 1.0;
				PRODUCT_BUNDLE_IDENTIFIER = com.jnbooth.SmushClient;
				PRODUCT_NAME = "$(TARGET_NAME)";
				SWIFT_EMIT_LOC_STRINGS = YES;
				SWIFT_OBJC_BRIDGING_HEADER = "$(PROJECT_DIR)/BridgingHeader.h";
				SWIFT_VERSION = 5.0;
			};
			name = Release;
		};
		09B28FAF2C487504009A95E5 /* Debug */ = {
			isa = XCBuildConfiguration;
			buildSettings = {
				ALWAYS_EMBED_SWIFT_STANDARD_LIBRARIES = YES;
				BUNDLE_LOADER = "$(TEST_HOST)";
				CODE_SIGN_STYLE = Automatic;
				CURRENT_PROJECT_VERSION = 1;
				DEVELOPMENT_TEAM = 274U4G4QQG;
				GENERATE_INFOPLIST_FILE = YES;
				MACOSX_DEPLOYMENT_TARGET = 14.5;
				MARKETING_VERSION = 1.0;
				PRODUCT_BUNDLE_IDENTIFIER = com.jnbooth.SmushClientTests;
				PRODUCT_NAME = "$(TARGET_NAME)";
				SWIFT_EMIT_LOC_STRINGS = NO;
				SWIFT_VERSION = 5.0;
				TEST_HOST = "$(BUILT_PRODUCTS_DIR)/SmushClient.app/$(BUNDLE_EXECUTABLE_FOLDER_PATH)/SmushClient";
			};
			name = Debug;
		};
		09B28FB02C487504009A95E5 /* Release */ = {
			isa = XCBuildConfiguration;
			buildSettings = {
				ALWAYS_EMBED_SWIFT_STANDARD_LIBRARIES = YES;
				BUNDLE_LOADER = "$(TEST_HOST)";
				CODE_SIGN_STYLE = Automatic;
				CURRENT_PROJECT_VERSION = 1;
				DEVELOPMENT_TEAM = 274U4G4QQG;
				GENERATE_INFOPLIST_FILE = YES;
				MACOSX_DEPLOYMENT_TARGET = 14.5;
				MARKETING_VERSION = 1.0;
				PRODUCT_BUNDLE_IDENTIFIER = com.jnbooth.SmushClientTests;
				PRODUCT_NAME = "$(TARGET_NAME)";
				SWIFT_EMIT_LOC_STRINGS = NO;
				SWIFT_VERSION = 5.0;
				TEST_HOST = "$(BUILT_PRODUCTS_DIR)/SmushClient.app/$(BUNDLE_EXECUTABLE_FOLDER_PATH)/SmushClient";
			};
			name = Release;
		};
		09B28FB22C487504009A95E5 /* Debug */ = {
			isa = XCBuildConfiguration;
			buildSettings = {
				ALWAYS_EMBED_SWIFT_STANDARD_LIBRARIES = YES;
				CODE_SIGN_STYLE = Automatic;
				CURRENT_PROJECT_VERSION = 1;
				DEVELOPMENT_TEAM = 274U4G4QQG;
				GENERATE_INFOPLIST_FILE = YES;
				MARKETING_VERSION = 1.0;
				PRODUCT_BUNDLE_IDENTIFIER = com.jnbooth.SmushClientUITests;
				PRODUCT_NAME = "$(TARGET_NAME)";
				SWIFT_EMIT_LOC_STRINGS = NO;
				SWIFT_VERSION = 5.0;
				TEST_TARGET_NAME = SmushClient;
			};
			name = Debug;
		};
		09B28FB32C487504009A95E5 /* Release */ = {
			isa = XCBuildConfiguration;
			buildSettings = {
				ALWAYS_EMBED_SWIFT_STANDARD_LIBRARIES = YES;
				CODE_SIGN_STYLE = Automatic;
				CURRENT_PROJECT_VERSION = 1;
				DEVELOPMENT_TEAM = 274U4G4QQG;
				GENERATE_INFOPLIST_FILE = YES;
				MARKETING_VERSION = 1.0;
				PRODUCT_BUNDLE_IDENTIFIER = com.jnbooth.SmushClientUITests;
				PRODUCT_NAME = "$(TARGET_NAME)";
				SWIFT_EMIT_LOC_STRINGS = NO;
				SWIFT_VERSION = 5.0;
				TEST_TARGET_NAME = SmushClient;
			};
			name = Release;
		};
/* End XCBuildConfiguration section */

/* Begin XCConfigurationList section */
		09B28F812C487503009A95E5 /* Build configuration list for PBXProject "SmushClient" */ = {
			isa = XCConfigurationList;
			buildConfigurations = (
				09B28FA92C487504009A95E5 /* Debug */,
				09B28FAA2C487504009A95E5 /* Release */,
			);
			defaultConfigurationIsVisible = 0;
			defaultConfigurationName = Release;
		};
		09B28FAB2C487504009A95E5 /* Build configuration list for PBXNativeTarget "SmushClient" */ = {
			isa = XCConfigurationList;
			buildConfigurations = (
				09B28FAC2C487504009A95E5 /* Debug */,
				09B28FAD2C487504009A95E5 /* Release */,
			);
			defaultConfigurationIsVisible = 0;
			defaultConfigurationName = Release;
		};
		09B28FAE2C487504009A95E5 /* Build configuration list for PBXNativeTarget "SmushClientTests" */ = {
			isa = XCConfigurationList;
			buildConfigurations = (
				09B28FAF2C487504009A95E5 /* Debug */,
				09B28FB02C487504009A95E5 /* Release */,
			);
			defaultConfigurationIsVisible = 0;
			defaultConfigurationName = Release;
		};
		09B28FB12C487504009A95E5 /* Build configuration list for PBXNativeTarget "SmushClientUITests" */ = {
			isa = XCConfigurationList;
			buildConfigurations = (
				09B28FB22C487504009A95E5 /* Debug */,
				09B28FB32C487504009A95E5 /* Release */,
			);
			defaultConfigurationIsVisible = 0;
			defaultConfigurationName = Release;
		};
/* End XCConfigurationList section */
	};
	rootObject = 09B28F7E2C487503009A95E5 /* Project object */;
}
